
Microsoft Visual Studio Solution File, Format Version 12.00
# Visual Studio 15
VisualStudioVersion = 15.0.26403.7
MinimumVisualStudioVersion = 10.0.40219.1
Project("{FAE04EC0-301F-11D3-BF4B-00C04F79EFBC}") = "FactoryMethodExample1", "FactoryMethod1\FactoryMethodExample1.csproj", "{67BB189B-8E35-484F-AFD3-985630BC8ACF}"
EndProject
Project("{FAE04EC0-301F-11D3-BF4B-00C04F79EFBC}") = "Singletons", "Singleton\Singletons.csproj", "{E9DB73EC-864C-4843-BF33-1EC0E46C35F5}"
EndProject
Project("{FAE04EC0-301F-11D3-BF4B-00C04F79EFBC}") = "FactoryMethod", "FactoryMethodAbstract\FactoryMethod.csproj", "{05152CEE-AEF2-4ED2-AB27-D871D8EE1238}"
EndProject
Project("{FAE04EC0-301F-11D3-BF4B-00C04F79EFBC}") = "AbstractFactory", "AbstractFactory\AbstractFactory.csproj", "{6BBB6FB0-7EBF-4AC0-B2F7-09BF94EC8B95}"
EndProject
Project("{FAE04EC0-301F-11D3-BF4B-00C04F79EFBC}") = "Decorator", "Decorator\Decorator.csproj", "{62BEDB56-887B-453F-9A5E-386AA824BC1B}"
EndProject
Project("{FAE04EC0-301F-11D3-BF4B-00C04F79EFBC}") = "ObjectAdapter", "Adapter\ObjectAdapter.csproj", "{E018BB5B-B400-4A61-BFAB-B0D8BF13AC20}"
EndProject
Project("{FAE04EC0-301F-11D3-BF4B-00C04F79EFBC}") = "ClassAdapter", "ClassAdapter\ClassAdapter.csproj", "{115D92E2-5A6D-4DCC-B089-0EC122BCEAA7}"
EndProject
Project("{FAE04EC0-301F-11D3-BF4B-00C04F79EFBC}") = "Facade", "Facade\Facade.csproj", "{B8C234E0-9A5D-4971-B084-76F3F7C813CF}"
EndProject
Project("{FAE04EC0-301F-11D3-BF4B-00C04F79EFBC}") = "Strategy", "Strategy\Strategy.csproj", "{DD220613-D101-44A0-B7ED-202409A309D1}"
EndProject
Global
	GlobalSection(SolutionConfigurationPlatforms) = preSolution
		Debug|Any CPU = Debug|Any CPU
		Release|Any CPU = Release|Any CPU
	EndGlobalSection
	GlobalSection(ProjectConfigurationPlatforms) = postSolution
		{67BB189B-8E35-484F-AFD3-985630BC8ACF}.Debug|Any CPU.ActiveCfg = Debug|Any CPU
		{67BB189B-8E35-484F-AFD3-985630BC8ACF}.Debug|Any CPU.Build.0 = Debug|Any CPU
		{67BB189B-8E35-484F-AFD3-985630BC8ACF}.Release|Any CPU.ActiveCfg = Release|Any CPU
		{67BB189B-8E35-484F-AFD3-985630BC8ACF}.Release|Any CPU.Build.0 = Release|Any CPU
		{E9DB73EC-864C-4843-BF33-1EC0E46C35F5}.Debug|Any CPU.ActiveCfg = Debug|Any CPU
		{E9DB73EC-864C-4843-BF33-1EC0E46C35F5}.Debug|Any CPU.Build.0 = Debug|Any CPU
		{E9DB73EC-864C-4843-BF33-1EC0E46C35F5}.Release|Any CPU.ActiveCfg = Release|Any CPU
		{E9DB73EC-864C-4843-BF33-1EC0E46C35F5}.Release|Any CPU.Build.0 = Release|Any CPU
		{05152CEE-AEF2-4ED2-AB27-D871D8EE1238}.Debug|Any CPU.ActiveCfg = Debug|Any CPU
		{05152CEE-AEF2-4ED2-AB27-D871D8EE1238}.Debug|Any CPU.Build.0 = Debug|Any CPU
		{05152CEE-AEF2-4ED2-AB27-D871D8EE1238}.Release|Any CPU.ActiveCfg = Release|Any CPU
		{05152CEE-AEF2-4ED2-AB27-D871D8EE1238}.Release|Any CPU.Build.0 = Release|Any CPU
		{6BBB6FB0-7EBF-4AC0-B2F7-09BF94EC8B95}.Debug|Any CPU.ActiveCfg = Debug|Any CPU
		{6BBB6FB0-7EBF-4AC0-B2F7-09BF94EC8B95}.Debug|Any CPU.Build.0 = Debug|Any CPU
		{6BBB6FB0-7EBF-4AC0-B2F7-09BF94EC8B95}.Release|Any CPU.ActiveCfg = Release|Any CPU
		{6BBB6FB0-7EBF-4AC0-B2F7-09BF94EC8B95}.Release|Any CPU.Build.0 = Release|Any CPU
		{62BEDB56-887B-453F-9A5E-386AA824BC1B}.Debug|Any CPU.ActiveCfg = Debug|Any CPU
		{62BEDB56-887B-453F-9A5E-386AA824BC1B}.Debug|Any CPU.Build.0 = Debug|Any CPU
		{62BEDB56-887B-453F-9A5E-386AA824BC1B}.Release|Any CPU.ActiveCfg = Release|Any CPU
		{62BEDB56-887B-453F-9A5E-386AA824BC1B}.Release|Any CPU.Build.0 = Release|Any CPU
		{E018BB5B-B400-4A61-BFAB-B0D8BF13AC20}.Debug|Any CPU.ActiveCfg = Debug|Any CPU
		{E018BB5B-B400-4A61-BFAB-B0D8BF13AC20}.Debug|Any CPU.Build.0 = Debug|Any CPU
		{E018BB5B-B400-4A61-BFAB-B0D8BF13AC20}.Release|Any CPU.ActiveCfg = Release|Any CPU
		{E018BB5B-B400-4A61-BFAB-B0D8BF13AC20}.Release|Any CPU.Build.0 = Release|Any CPU
		{115D92E2-5A6D-4DCC-B089-0EC122BCEAA7}.Debug|Any CPU.ActiveCfg = Debug|Any CPU
		{115D92E2-5A6D-4DCC-B089-0EC122BCEAA7}.Debug|Any CPU.Build.0 = Debug|Any CPU
		{115D92E2-5A6D-4DCC-B089-0EC122BCEAA7}.Release|Any CPU.ActiveCfg = Release|Any CPU
		{115D92E2-5A6D-4DCC-B089-0EC122BCEAA7}.Release|Any CPU.Build.0 = Release|Any CPU
		{B8C234E0-9A5D-4971-B084-76F3F7C813CF}.Debug|Any CPU.ActiveCfg = Debug|Any CPU
		{B8C234E0-9A5D-4971-B084-76F3F7C813CF}.Debug|Any CPU.Build.0 = Debug|Any CPU
		{B8C234E0-9A5D-4971-B084-76F3F7C813CF}.Release|Any CPU.ActiveCfg = Release|Any CPU
		{B8C234E0-9A5D-4971-B084-76F3F7C813CF}.Release|Any CPU.Build.0 = Release|Any CPU
		{DD220613-D101-44A0-B7ED-202409A309D1}.Debug|Any CPU.ActiveCfg = Debug|Any CPU
		{DD220613-D101-44A0-B7ED-202409A309D1}.Debug|Any CPU.Build.0 = Debug|Any CPU
		{DD220613-D101-44A0-B7ED-202409A309D1}.Release|Any CPU.ActiveCfg = Release|Any CPU
		{DD220613-D101-44A0-B7ED-202409A309D1}.Release|Any CPU.Build.0 = Release|Any CPU
	EndGlobalSection
	GlobalSection(SolutionProperties) = preSolution
		HideSolutionNode = FALSE
	EndGlobalSection
EndGlobal
